
Microsoft Visual Studio Solution File, Format Version 12.00
# Visual Studio 2012
Project("{2150E333-8FDC-42A3-9474-1A3956D46DE8}") = "Tests", "Tests", "{0860D5F8-716A-4923-BDA4-11F4763B4BA3}"
EndProject
Project("{2150E333-8FDC-42A3-9474-1A3956D46DE8}") = "AlphaMapper", "AlphaMapper", "{949A5308-6B7E-464D-81EE-2F4100D3EE9C}"
EndProject
Project("{2150E333-8FDC-42A3-9474-1A3956D46DE8}") = "Byte", "Byte", "{01A51CE7-E6F1-4CAD-843C-DD12AB8F385C}"
EndProject
Project("{FAE04EC0-301F-11D3-BF4B-00C04F79EFBC}") = "Byte.IntermediateModel", "Byte.IntermediateModel\Byte.IntermediateModel.csproj", "{D0DE7E74-B546-4BD1-A4AC-F4DC4EB959AD}"
EndProject
Project("{FAE04EC0-301F-11D3-BF4B-00C04F79EFBC}") = "Byte.Math", "Byte.Math\Byte.Math.csproj", "{B78D3E27-94A6-4D51-9C82-75A3E68EA4BA}"
EndProject
Project("{FAE04EC0-301F-11D3-BF4B-00C04F79EFBC}") = "AlphaMapper.Renderer", "AlphaMapper.Renderer\AlphaMapper.Renderer.csproj", "{78A4979D-A8D7-4ED6-BB87-4F77D6442F5C}"
EndProject
Project("{FAE04EC0-301F-11D3-BF4B-00C04F79EFBC}") = "Byte.Utility", "Byte.Utility\Byte.Utility.csproj", "{F6AB8244-41FA-4A22-8F33-5C5230F0CA39}"
EndProject
Project("{FAE04EC0-301F-11D3-BF4B-00C04F79EFBC}") = "AphaMapper", "AphaMapper\AphaMapper.csproj", "{FC531DAA-333B-4DA7-A2FE-B8CE84349A7B}"
	ProjectSection(ProjectDependencies) = postProject
		{B78D3E27-94A6-4D51-9C82-75A3E68EA4BA} = {B78D3E27-94A6-4D51-9C82-75A3E68EA4BA}
		{F6AB8244-41FA-4A22-8F33-5C5230F0CA39} = {F6AB8244-41FA-4A22-8F33-5C5230F0CA39}
		{78A4979D-A8D7-4ED6-BB87-4F77D6442F5C} = {78A4979D-A8D7-4ED6-BB87-4F77D6442F5C}
	EndProjectSection
EndProject
Project("{FAE04EC0-301F-11D3-BF4B-00C04F79EFBC}") = "AlphaMapper.PropertyLoader", "AlphaMapper.PropertyLoader\AlphaMapper.PropertyLoader.csproj", "{CE348366-E17F-4CF5-A4EE-EB98F8CA4870}"
EndProject
Project("{F2A71F9B-5D33-465A-A702-920D77279786}") = "Byte.ActionCommand.Parser", "Byte.ActionCommandParser\Byte.ActionCommand.Parser.fsproj", "{70A17761-EC50-42DF-AFFD-4C8F414B1B57}"
EndProject
Project("{F2A71F9B-5D33-465A-A702-920D77279786}") = "Byte.ActionCommand.Translator", "Byte.ActionCommandTranslator\Byte.ActionCommand.Translator.fsproj", "{955A54FA-D1AE-4ABF-B9DA-8A56B21CFDA5}"
EndProject
Project("{F2A71F9B-5D33-465A-A702-920D77279786}") = "Byte.RWX.Parser", "Byte.RWX.Parser\Byte.RWX.Parser.fsproj", "{12040BC0-C203-4770-B323-8972F123D4D4}"
EndProject
Project("{F2A71F9B-5D33-465A-A702-920D77279786}") = "Byte.RWX.Parser.Test", "Byte.RWX.Parser.Test\Byte.RWX.Parser.Test.fsproj", "{F014985A-CA63-47DE-B6A9-CF33E10549B3}"
EndProject
Project("{F2A71F9B-5D33-465A-A702-920D77279786}") = "Byte.RWX", "Byte.RWX\Byte.RWX.fsproj", "{FD1665A7-A5CB-4F8C-BE94-6B14C7ECAD4C}"
EndProject
Project("{F2A71F9B-5D33-465A-A702-920D77279786}") = "Byte.X.Parser", "Byte.X.Parser\Byte.X.Parser.fsproj", "{9CA9EE9D-A7ED-4763-9067-83A01F7939E4}"
EndProject
Project("{FAE04EC0-301F-11D3-BF4B-00C04F79EFBC}") = "AlphaMapper.Property.Model", "AlphaMapper.Property.Model\AlphaMapper.Property.Model.csproj", "{2ADFC666-2267-484C-9DD7-8AAFAC611734}"
EndProject
Project("{FAE04EC0-301F-11D3-BF4B-00C04F79EFBC}") = "AlphaMapper.Property.SceneBuilder", "AlphaMapper.Property.SceneBuilder\AlphaMapper.Property.SceneBuilder.csproj", "{695B8EAC-A922-4453-985F-0AED1944269F}"
	ProjectSection(ProjectDependencies) = postProject
		{955A54FA-D1AE-4ABF-B9DA-8A56B21CFDA5} = {955A54FA-D1AE-4ABF-B9DA-8A56B21CFDA5}
	EndProjectSection
EndProject
Project("{F2A71F9B-5D33-465A-A702-920D77279786}") = "Byte.FSharp.Helpers", "Byte.FSharp.Helpers\Byte.FSharp.Helpers.fsproj", "{B444A528-5062-44E0-9D0B-91F46364B30B}"
EndProject
Project("{F2A71F9B-5D33-465A-A702-920D77279786}") = "Byte.ActionCommand.Parser.Test", "Byte.ActionCommandParser.Test\Byte.ActionCommand.Parser.Test.fsproj", "{C798C601-8032-4A4A-A09B-14CDE725105C}"
EndProject
Project("{F2A71F9B-5D33-465A-A702-920D77279786}") = "Byte.FSharp.TestHelper", "Byte.FSharp.TestHelper\Byte.FSharp.TestHelper.fsproj", "{B9C302E1-1EB9-4EA8-9DEF-0FA4BCC5316A}"
EndProject
Global
	GlobalSection(TestCaseManagementSettings) = postSolution
		CategoryFile = AlphaMapper.vsmdi
	EndGlobalSection
	GlobalSection(SolutionConfigurationPlatforms) = preSolution
		Debug|Any CPU = Debug|Any CPU
		Debug|Mixed Platforms = Debug|Mixed Platforms
		Debug|x86 = Debug|x86
		Release|Any CPU = Release|Any CPU
		Release|Mixed Platforms = Release|Mixed Platforms
		Release|x86 = Release|x86
	EndGlobalSection
	GlobalSection(ProjectConfigurationPlatforms) = postSolution
		{D0DE7E74-B546-4BD1-A4AC-F4DC4EB959AD}.Debug|Any CPU.ActiveCfg = Debug|Any CPU
		{D0DE7E74-B546-4BD1-A4AC-F4DC4EB959AD}.Debug|Any CPU.Build.0 = Debug|Any CPU
		{D0DE7E74-B546-4BD1-A4AC-F4DC4EB959AD}.Debug|Mixed Platforms.ActiveCfg = Debug|Any CPU
		{D0DE7E74-B546-4BD1-A4AC-F4DC4EB959AD}.Debug|Mixed Platforms.Build.0 = Debug|Any CPU
		{D0DE7E74-B546-4BD1-A4AC-F4DC4EB959AD}.Debug|x86.ActiveCfg = Debug|Any CPU
		{D0DE7E74-B546-4BD1-A4AC-F4DC4EB959AD}.Debug|x86.Build.0 = Debug|Any CPU
		{D0DE7E74-B546-4BD1-A4AC-F4DC4EB959AD}.Release|Any CPU.ActiveCfg = Release|Any CPU
		{D0DE7E74-B546-4BD1-A4AC-F4DC4EB959AD}.Release|Any CPU.Build.0 = Release|Any CPU
		{D0DE7E74-B546-4BD1-A4AC-F4DC4EB959AD}.Release|Mixed Platforms.ActiveCfg = Release|Any CPU
		{D0DE7E74-B546-4BD1-A4AC-F4DC4EB959AD}.Release|Mixed Platforms.Build.0 = Release|Any CPU
		{D0DE7E74-B546-4BD1-A4AC-F4DC4EB959AD}.Release|x86.ActiveCfg = Release|Any CPU
		{D0DE7E74-B546-4BD1-A4AC-F4DC4EB959AD}.Release|x86.Build.0 = Release|Any CPU
		{B78D3E27-94A6-4D51-9C82-75A3E68EA4BA}.Debug|Any CPU.ActiveCfg = Debug|Any CPU
		{B78D3E27-94A6-4D51-9C82-75A3E68EA4BA}.Debug|Any CPU.Build.0 = Debug|Any CPU
		{B78D3E27-94A6-4D51-9C82-75A3E68EA4BA}.Debug|Mixed Platforms.ActiveCfg = Debug|Any CPU
		{B78D3E27-94A6-4D51-9C82-75A3E68EA4BA}.Debug|Mixed Platforms.Build.0 = Debug|Any CPU
		{B78D3E27-94A6-4D51-9C82-75A3E68EA4BA}.Debug|x86.ActiveCfg = Debug|Any CPU
		{B78D3E27-94A6-4D51-9C82-75A3E68EA4BA}.Debug|x86.Build.0 = Debug|Any CPU
		{B78D3E27-94A6-4D51-9C82-75A3E68EA4BA}.Release|Any CPU.ActiveCfg = Release|Any CPU
		{B78D3E27-94A6-4D51-9C82-75A3E68EA4BA}.Release|Any CPU.Build.0 = Release|Any CPU
		{B78D3E27-94A6-4D51-9C82-75A3E68EA4BA}.Release|Mixed Platforms.ActiveCfg = Release|Any CPU
		{B78D3E27-94A6-4D51-9C82-75A3E68EA4BA}.Release|Mixed Platforms.Build.0 = Release|Any CPU
		{B78D3E27-94A6-4D51-9C82-75A3E68EA4BA}.Release|x86.ActiveCfg = Release|Any CPU
		{B78D3E27-94A6-4D51-9C82-75A3E68EA4BA}.Release|x86.Build.0 = Release|Any CPU
		{78A4979D-A8D7-4ED6-BB87-4F77D6442F5C}.Debug|Any CPU.ActiveCfg = Debug|Any CPU
		{78A4979D-A8D7-4ED6-BB87-4F77D6442F5C}.Debug|Any CPU.Build.0 = Debug|Any CPU
		{78A4979D-A8D7-4ED6-BB87-4F77D6442F5C}.Debug|Mixed Platforms.ActiveCfg = Debug|Any CPU
		{78A4979D-A8D7-4ED6-BB87-4F77D6442F5C}.Debug|Mixed Platforms.Build.0 = Debug|Any CPU
		{78A4979D-A8D7-4ED6-BB87-4F77D6442F5C}.Debug|x86.ActiveCfg = Debug|Any CPU
		{78A4979D-A8D7-4ED6-BB87-4F77D6442F5C}.Debug|x86.Build.0 = Debug|Any CPU
		{78A4979D-A8D7-4ED6-BB87-4F77D6442F5C}.Release|Any CPU.ActiveCfg = Release|Any CPU
		{78A4979D-A8D7-4ED6-BB87-4F77D6442F5C}.Release|Any CPU.Build.0 = Release|Any CPU
		{78A4979D-A8D7-4ED6-BB87-4F77D6442F5C}.Release|Mixed Platforms.ActiveCfg = Release|Any CPU
		{78A4979D-A8D7-4ED6-BB87-4F77D6442F5C}.Release|Mixed Platforms.Build.0 = Release|Any CPU
		{78A4979D-A8D7-4ED6-BB87-4F77D6442F5C}.Release|x86.ActiveCfg = Release|Any CPU
		{78A4979D-A8D7-4ED6-BB87-4F77D6442F5C}.Release|x86.Build.0 = Release|Any CPU
		{F6AB8244-41FA-4A22-8F33-5C5230F0CA39}.Debug|Any CPU.ActiveCfg = Debug|Any CPU
		{F6AB8244-41FA-4A22-8F33-5C5230F0CA39}.Debug|Any CPU.Build.0 = Debug|Any CPU
		{F6AB8244-41FA-4A22-8F33-5C5230F0CA39}.Debug|Mixed Platforms.ActiveCfg = Debug|Any CPU
		{F6AB8244-41FA-4A22-8F33-5C5230F0CA39}.Debug|Mixed Platforms.Build.0 = Debug|Any CPU
		{F6AB8244-41FA-4A22-8F33-5C5230F0CA39}.Debug|x86.ActiveCfg = Debug|Any CPU
		{F6AB8244-41FA-4A22-8F33-5C5230F0CA39}.Debug|x86.Build.0 = Debug|Any CPU
		{F6AB8244-41FA-4A22-8F33-5C5230F0CA39}.Release|Any CPU.ActiveCfg = Release|Any CPU
		{F6AB8244-41FA-4A22-8F33-5C5230F0CA39}.Release|Any CPU.Build.0 = Release|Any CPU
		{F6AB8244-41FA-4A22-8F33-5C5230F0CA39}.Release|Mixed Platforms.ActiveCfg = Release|Any CPU
		{F6AB8244-41FA-4A22-8F33-5C5230F0CA39}.Release|Mixed Platforms.Build.0 = Release|Any CPU
		{F6AB8244-41FA-4A22-8F33-5C5230F0CA39}.Release|x86.ActiveCfg = Release|Any CPU
		{F6AB8244-41FA-4A22-8F33-5C5230F0CA39}.Release|x86.Build.0 = Release|Any CPU
		{FC531DAA-333B-4DA7-A2FE-B8CE84349A7B}.Debug|Any CPU.ActiveCfg = Debug|x86
		{FC531DAA-333B-4DA7-A2FE-B8CE84349A7B}.Debug|Any CPU.Build.0 = Debug|x86
		{FC531DAA-333B-4DA7-A2FE-B8CE84349A7B}.Debug|Mixed Platforms.ActiveCfg = Debug|x86
		{FC531DAA-333B-4DA7-A2FE-B8CE84349A7B}.Debug|Mixed Platforms.Build.0 = Debug|x86
		{FC531DAA-333B-4DA7-A2FE-B8CE84349A7B}.Debug|x86.ActiveCfg = Debug|x86
		{FC531DAA-333B-4DA7-A2FE-B8CE84349A7B}.Debug|x86.Build.0 = Debug|x86
		{FC531DAA-333B-4DA7-A2FE-B8CE84349A7B}.Release|Any CPU.ActiveCfg = Release|x86
		{FC531DAA-333B-4DA7-A2FE-B8CE84349A7B}.Release|Any CPU.Build.0 = Release|x86
		{FC531DAA-333B-4DA7-A2FE-B8CE84349A7B}.Release|Mixed Platforms.ActiveCfg = Release|x86
		{FC531DAA-333B-4DA7-A2FE-B8CE84349A7B}.Release|Mixed Platforms.Build.0 = Release|x86
		{FC531DAA-333B-4DA7-A2FE-B8CE84349A7B}.Release|x86.ActiveCfg = Release|x86
		{FC531DAA-333B-4DA7-A2FE-B8CE84349A7B}.Release|x86.Build.0 = Release|x86
		{CE348366-E17F-4CF5-A4EE-EB98F8CA4870}.Debug|Any CPU.ActiveCfg = Debug|x86
		{CE348366-E17F-4CF5-A4EE-EB98F8CA4870}.Debug|Any CPU.Build.0 = Debug|x86
		{CE348366-E17F-4CF5-A4EE-EB98F8CA4870}.Debug|Mixed Platforms.ActiveCfg = Debug|x86
		{CE348366-E17F-4CF5-A4EE-EB98F8CA4870}.Debug|Mixed Platforms.Build.0 = Debug|x86
		{CE348366-E17F-4CF5-A4EE-EB98F8CA4870}.Debug|x86.ActiveCfg = Debug|x86
		{CE348366-E17F-4CF5-A4EE-EB98F8CA4870}.Debug|x86.Build.0 = Debug|x86
		{CE348366-E17F-4CF5-A4EE-EB98F8CA4870}.Release|Any CPU.ActiveCfg = Release|x86
		{CE348366-E17F-4CF5-A4EE-EB98F8CA4870}.Release|Any CPU.Build.0 = Release|x86
		{CE348366-E17F-4CF5-A4EE-EB98F8CA4870}.Release|Mixed Platforms.ActiveCfg = Release|x86
		{CE348366-E17F-4CF5-A4EE-EB98F8CA4870}.Release|Mixed Platforms.Build.0 = Release|x86
		{CE348366-E17F-4CF5-A4EE-EB98F8CA4870}.Release|x86.ActiveCfg = Release|x86
		{CE348366-E17F-4CF5-A4EE-EB98F8CA4870}.Release|x86.Build.0 = Release|x86
		{70A17761-EC50-42DF-AFFD-4C8F414B1B57}.Debug|Any CPU.ActiveCfg = Debug|Any CPU
		{70A17761-EC50-42DF-AFFD-4C8F414B1B57}.Debug|Any CPU.Build.0 = Debug|Any CPU
		{70A17761-EC50-42DF-AFFD-4C8F414B1B57}.Debug|Mixed Platforms.ActiveCfg = Debug|Any CPU
		{70A17761-EC50-42DF-AFFD-4C8F414B1B57}.Debug|Mixed Platforms.Build.0 = Debug|Any CPU
		{70A17761-EC50-42DF-AFFD-4C8F414B1B57}.Debug|x86.ActiveCfg = Debug|Any CPU
		{70A17761-EC50-42DF-AFFD-4C8F414B1B57}.Debug|x86.Build.0 = Debug|Any CPU
		{70A17761-EC50-42DF-AFFD-4C8F414B1B57}.Release|Any CPU.ActiveCfg = Release|Any CPU
		{70A17761-EC50-42DF-AFFD-4C8F414B1B57}.Release|Any CPU.Build.0 = Release|Any CPU
		{70A17761-EC50-42DF-AFFD-4C8F414B1B57}.Release|Mixed Platforms.ActiveCfg = Release|Any CPU
		{70A17761-EC50-42DF-AFFD-4C8F414B1B57}.Release|Mixed Platforms.Build.0 = Release|Any CPU
		{70A17761-EC50-42DF-AFFD-4C8F414B1B57}.Release|x86.ActiveCfg = Release|Any CPU
		{955A54FA-D1AE-4ABF-B9DA-8A56B21CFDA5}.Debug|Any CPU.ActiveCfg = Debug|Any CPU
		{955A54FA-D1AE-4ABF-B9DA-8A56B21CFDA5}.Debug|Any CPU.Build.0 = Debug|Any CPU
		{955A54FA-D1AE-4ABF-B9DA-8A56B21CFDA5}.Debug|Mixed Platforms.ActiveCfg = Debug|Any CPU
		{955A54FA-D1AE-4ABF-B9DA-8A56B21CFDA5}.Debug|Mixed Platforms.Build.0 = Debug|Any CPU
		{955A54FA-D1AE-4ABF-B9DA-8A56B21CFDA5}.Debug|x86.ActiveCfg = Debug|Any CPU
		{955A54FA-D1AE-4ABF-B9DA-8A56B21CFDA5}.Debug|x86.Build.0 = Debug|Any CPU
		{955A54FA-D1AE-4ABF-B9DA-8A56B21CFDA5}.Release|Any CPU.ActiveCfg = Release|Any CPU
		{955A54FA-D1AE-4ABF-B9DA-8A56B21CFDA5}.Release|Any CPU.Build.0 = Release|Any CPU
		{955A54FA-D1AE-4ABF-B9DA-8A56B21CFDA5}.Release|Mixed Platforms.ActiveCfg = Release|Any CPU
		{955A54FA-D1AE-4ABF-B9DA-8A56B21CFDA5}.Release|Mixed Platforms.Build.0 = Release|Any CPU
		{955A54FA-D1AE-4ABF-B9DA-8A56B21CFDA5}.Release|x86.ActiveCfg = Release|Any CPU
		{12040BC0-C203-4770-B323-8972F123D4D4}.Debug|Any CPU.ActiveCfg = Debug|Any CPU
		{12040BC0-C203-4770-B323-8972F123D4D4}.Debug|Any CPU.Build.0 = Debug|Any CPU
		{12040BC0-C203-4770-B323-8972F123D4D4}.Debug|Mixed Platforms.ActiveCfg = Debug|Any CPU
		{12040BC0-C203-4770-B323-8972F123D4D4}.Debug|Mixed Platforms.Build.0 = Debug|Any CPU
		{12040BC0-C203-4770-B323-8972F123D4D4}.Debug|x86.ActiveCfg = Debug|Any CPU
		{12040BC0-C203-4770-B323-8972F123D4D4}.Release|Any CPU.ActiveCfg = Release|Any CPU
		{12040BC0-C203-4770-B323-8972F123D4D4}.Release|Any CPU.Build.0 = Release|Any CPU
		{12040BC0-C203-4770-B323-8972F123D4D4}.Release|Mixed Platforms.ActiveCfg = Release|Any CPU
		{12040BC0-C203-4770-B323-8972F123D4D4}.Release|Mixed Platforms.Build.0 = Release|Any CPU
		{12040BC0-C203-4770-B323-8972F123D4D4}.Release|x86.ActiveCfg = Release|Any CPU
		{F014985A-CA63-47DE-B6A9-CF33E10549B3}.Debug|Any CPU.ActiveCfg = Debug|Any CPU
		{F014985A-CA63-47DE-B6A9-CF33E10549B3}.Debug|Any CPU.Build.0 = Debug|Any CPU
		{F014985A-CA63-47DE-B6A9-CF33E10549B3}.Debug|Mixed Platforms.ActiveCfg = Debug|Any CPU
		{F014985A-CA63-47DE-B6A9-CF33E10549B3}.Debug|Mixed Platforms.Build.0 = Debug|Any CPU
		{F014985A-CA63-47DE-B6A9-CF33E10549B3}.Debug|x86.ActiveCfg = Debug|Any CPU
		{F014985A-CA63-47DE-B6A9-CF33E10549B3}.Release|Any CPU.ActiveCfg = Release|Any CPU
		{F014985A-CA63-47DE-B6A9-CF33E10549B3}.Release|Any CPU.Build.0 = Release|Any CPU
		{F014985A-CA63-47DE-B6A9-CF33E10549B3}.Release|Mixed Platforms.ActiveCfg = Release|Any CPU
		{F014985A-CA63-47DE-B6A9-CF33E10549B3}.Release|Mixed Platforms.Build.0 = Release|Any CPU
		{F014985A-CA63-47DE-B6A9-CF33E10549B3}.Release|x86.ActiveCfg = Release|Any CPU
		{FD1665A7-A5CB-4F8C-BE94-6B14C7ECAD4C}.Debug|Any CPU.ActiveCfg = Debug|Any CPU
		{FD1665A7-A5CB-4F8C-BE94-6B14C7ECAD4C}.Debug|Any CPU.Build.0 = Debug|Any CPU
		{FD1665A7-A5CB-4F8C-BE94-6B14C7ECAD4C}.Debug|Mixed Platforms.ActiveCfg = Debug|Any CPU
		{FD1665A7-A5CB-4F8C-BE94-6B14C7ECAD4C}.Debug|Mixed Platforms.Build.0 = Debug|Any CPU
		{FD1665A7-A5CB-4F8C-BE94-6B14C7ECAD4C}.Debug|x86.ActiveCfg = Debug|Any CPU
		{FD1665A7-A5CB-4F8C-BE94-6B14C7ECAD4C}.Release|Any CPU.ActiveCfg = Release|Any CPU
		{FD1665A7-A5CB-4F8C-BE94-6B14C7ECAD4C}.Release|Any CPU.Build.0 = Release|Any CPU
		{FD1665A7-A5CB-4F8C-BE94-6B14C7ECAD4C}.Release|Mixed Platforms.ActiveCfg = Release|Any CPU
		{FD1665A7-A5CB-4F8C-BE94-6B14C7ECAD4C}.Release|Mixed Platforms.Build.0 = Release|Any CPU
		{FD1665A7-A5CB-4F8C-BE94-6B14C7ECAD4C}.Release|x86.ActiveCfg = Release|Any CPU
		{9CA9EE9D-A7ED-4763-9067-83A01F7939E4}.Debug|Any CPU.ActiveCfg = Debug|Any CPU
		{9CA9EE9D-A7ED-4763-9067-83A01F7939E4}.Debug|Any CPU.Build.0 = Debug|Any CPU
		{9CA9EE9D-A7ED-4763-9067-83A01F7939E4}.Debug|Mixed Platforms.ActiveCfg = Debug|Any CPU
		{9CA9EE9D-A7ED-4763-9067-83A01F7939E4}.Debug|Mixed Platforms.Build.0 = Debug|Any CPU
		{9CA9EE9D-A7ED-4763-9067-83A01F7939E4}.Debug|x86.ActiveCfg = Debug|Any CPU
		{9CA9EE9D-A7ED-4763-9067-83A01F7939E4}.Release|Any CPU.ActiveCfg = Release|Any CPU
		{9CA9EE9D-A7ED-4763-9067-83A01F7939E4}.Release|Any CPU.Build.0 = Release|Any CPU
		{9CA9EE9D-A7ED-4763-9067-83A01F7939E4}.Release|Mixed Platforms.ActiveCfg = Release|Any CPU
		{9CA9EE9D-A7ED-4763-9067-83A01F7939E4}.Release|Mixed Platforms.Build.0 = Release|Any CPU
		{9CA9EE9D-A7ED-4763-9067-83A01F7939E4}.Release|x86.ActiveCfg = Release|Any CPU
		{2ADFC666-2267-484C-9DD7-8AAFAC611734}.Debug|Any CPU.ActiveCfg = Debug|Any CPU
		{2ADFC666-2267-484C-9DD7-8AAFAC611734}.Debug|Any CPU.Build.0 = Debug|Any CPU
		{2ADFC666-2267-484C-9DD7-8AAFAC611734}.Debug|Mixed Platforms.ActiveCfg = Debug|Any CPU
		{2ADFC666-2267-484C-9DD7-8AAFAC611734}.Debug|Mixed Platforms.Build.0 = Debug|Any CPU
		{2ADFC666-2267-484C-9DD7-8AAFAC611734}.Debug|x86.ActiveCfg = Debug|Any CPU
		{2ADFC666-2267-484C-9DD7-8AAFAC611734}.Release|Any CPU.ActiveCfg = Release|Any CPU
		{2ADFC666-2267-484C-9DD7-8AAFAC611734}.Release|Any CPU.Build.0 = Release|Any CPU
		{2ADFC666-2267-484C-9DD7-8AAFAC611734}.Release|Mixed Platforms.ActiveCfg = Release|Any CPU
		{2ADFC666-2267-484C-9DD7-8AAFAC611734}.Release|Mixed Platforms.Build.0 = Release|Any CPU
		{2ADFC666-2267-484C-9DD7-8AAFAC611734}.Release|x86.ActiveCfg = Release|Any CPU
		{695B8EAC-A922-4453-985F-0AED1944269F}.Debug|Any CPU.ActiveCfg = Debug|Any CPU
		{695B8EAC-A922-4453-985F-0AED1944269F}.Debug|Any CPU.Build.0 = Debug|Any CPU
		{695B8EAC-A922-4453-985F-0AED1944269F}.Debug|Mixed Platforms.ActiveCfg = Debug|Any CPU
		{695B8EAC-A922-4453-985F-0AED1944269F}.Debug|Mixed Platforms.Build.0 = Debug|Any CPU
		{695B8EAC-A922-4453-985F-0AED1944269F}.Debug|x86.ActiveCfg = Debug|Any CPU
		{695B8EAC-A922-4453-985F-0AED1944269F}.Release|Any CPU.ActiveCfg = Release|Any CPU
		{695B8EAC-A922-4453-985F-0AED1944269F}.Release|Any CPU.Build.0 = Release|Any CPU
		{695B8EAC-A922-4453-985F-0AED1944269F}.Release|Mixed Platforms.ActiveCfg = Release|Any CPU
		{695B8EAC-A922-4453-985F-0AED1944269F}.Release|Mixed Platforms.Build.0 = Release|Any CPU
		{695B8EAC-A922-4453-985F-0AED1944269F}.Release|x86.ActiveCfg = Release|Any CPU
		{B444A528-5062-44E0-9D0B-91F46364B30B}.Debug|Any CPU.ActiveCfg = Debug|Any CPU
		{B444A528-5062-44E0-9D0B-91F46364B30B}.Debug|Any CPU.Build.0 = Debug|Any CPU
		{B444A528-5062-44E0-9D0B-91F46364B30B}.Debug|Mixed Platforms.ActiveCfg = Debug|Any CPU
		{B444A528-5062-44E0-9D0B-91F46364B30B}.Debug|Mixed Platforms.Build.0 = Debug|Any CPU
		{B444A528-5062-44E0-9D0B-91F46364B30B}.Debug|x86.ActiveCfg = Debug|Any CPU
		{B444A528-5062-44E0-9D0B-91F46364B30B}.Release|Any CPU.ActiveCfg = Release|Any CPU
		{B444A528-5062-44E0-9D0B-91F46364B30B}.Release|Any CPU.Build.0 = Release|Any CPU
		{B444A528-5062-44E0-9D0B-91F46364B30B}.Release|Mixed Platforms.ActiveCfg = Release|Any CPU
		{B444A528-5062-44E0-9D0B-91F46364B30B}.Release|Mixed Platforms.Build.0 = Release|Any CPU
		{B444A528-5062-44E0-9D0B-91F46364B30B}.Release|x86.ActiveCfg = Release|Any CPU
		{C798C601-8032-4A4A-A09B-14CDE725105C}.Debug|Any CPU.ActiveCfg = Debug|Any CPU
		{C798C601-8032-4A4A-A09B-14CDE725105C}.Debug|Any CPU.Build.0 = Debug|Any CPU
		{C798C601-8032-4A4A-A09B-14CDE725105C}.Debug|Mixed Platforms.ActiveCfg = Debug|Any CPU
		{C798C601-8032-4A4A-A09B-14CDE725105C}.Debug|Mixed Platforms.Build.0 = Debug|Any CPU
		{C798C601-8032-4A4A-A09B-14CDE725105C}.Debug|x86.ActiveCfg = Debug|Any CPU
		{C798C601-8032-4A4A-A09B-14CDE725105C}.Release|Any CPU.ActiveCfg = Release|Any CPU
		{C798C601-8032-4A4A-A09B-14CDE725105C}.Release|Any CPU.Build.0 = Release|Any CPU
		{C798C601-8032-4A4A-A09B-14CDE725105C}.Release|Mixed Platforms.ActiveCfg = Release|Any CPU
		{C798C601-8032-4A4A-A09B-14CDE725105C}.Release|Mixed Platforms.Build.0 = Release|Any CPU
		{C798C601-8032-4A4A-A09B-14CDE725105C}.Release|x86.ActiveCfg = Release|Any CPU
		{B9C302E1-1EB9-4EA8-9DEF-0FA4BCC5316A}.Debug|Any CPU.ActiveCfg = Debug|Any CPU
		{B9C302E1-1EB9-4EA8-9DEF-0FA4BCC5316A}.Debug|Any CPU.Build.0 = Debug|Any CPU
		{B9C302E1-1EB9-4EA8-9DEF-0FA4BCC5316A}.Debug|Mixed Platforms.ActiveCfg = Debug|Any CPU
		{B9C302E1-1EB9-4EA8-9DEF-0FA4BCC5316A}.Debug|Mixed Platforms.Build.0 = Debug|Any CPU
		{B9C302E1-1EB9-4EA8-9DEF-0FA4BCC5316A}.Debug|x86.ActiveCfg = Debug|Any CPU
		{B9C302E1-1EB9-4EA8-9DEF-0FA4BCC5316A}.Release|Any CPU.ActiveCfg = Release|Any CPU
		{B9C302E1-1EB9-4EA8-9DEF-0FA4BCC5316A}.Release|Any CPU.Build.0 = Release|Any CPU
		{B9C302E1-1EB9-4EA8-9DEF-0FA4BCC5316A}.Release|Mixed Platforms.ActiveCfg = Release|Any CPU
		{B9C302E1-1EB9-4EA8-9DEF-0FA4BCC5316A}.Release|Mixed Platforms.Build.0 = Release|Any CPU
		{B9C302E1-1EB9-4EA8-9DEF-0FA4BCC5316A}.Release|x86.ActiveCfg = Release|Any CPU
	EndGlobalSection
	GlobalSection(SolutionProperties) = preSolution
		HideSolutionNode = FALSE
	EndGlobalSection
	GlobalSection(NestedProjects) = preSolution
		{F014985A-CA63-47DE-B6A9-CF33E10549B3} = {0860D5F8-716A-4923-BDA4-11F4763B4BA3}
		{C798C601-8032-4A4A-A09B-14CDE725105C} = {0860D5F8-716A-4923-BDA4-11F4763B4BA3}
		{B9C302E1-1EB9-4EA8-9DEF-0FA4BCC5316A} = {0860D5F8-716A-4923-BDA4-11F4763B4BA3}
		{78A4979D-A8D7-4ED6-BB87-4F77D6442F5C} = {949A5308-6B7E-464D-81EE-2F4100D3EE9C}
		{FC531DAA-333B-4DA7-A2FE-B8CE84349A7B} = {949A5308-6B7E-464D-81EE-2F4100D3EE9C}
		{CE348366-E17F-4CF5-A4EE-EB98F8CA4870} = {949A5308-6B7E-464D-81EE-2F4100D3EE9C}
		{2ADFC666-2267-484C-9DD7-8AAFAC611734} = {949A5308-6B7E-464D-81EE-2F4100D3EE9C}
		{695B8EAC-A922-4453-985F-0AED1944269F} = {949A5308-6B7E-464D-81EE-2F4100D3EE9C}
		{D0DE7E74-B546-4BD1-A4AC-F4DC4EB959AD} = {01A51CE7-E6F1-4CAD-843C-DD12AB8F385C}
		{B78D3E27-94A6-4D51-9C82-75A3E68EA4BA} = {01A51CE7-E6F1-4CAD-843C-DD12AB8F385C}
		{F6AB8244-41FA-4A22-8F33-5C5230F0CA39} = {01A51CE7-E6F1-4CAD-843C-DD12AB8F385C}
		{70A17761-EC50-42DF-AFFD-4C8F414B1B57} = {01A51CE7-E6F1-4CAD-843C-DD12AB8F385C}
		{955A54FA-D1AE-4ABF-B9DA-8A56B21CFDA5} = {01A51CE7-E6F1-4CAD-843C-DD12AB8F385C}
		{12040BC0-C203-4770-B323-8972F123D4D4} = {01A51CE7-E6F1-4CAD-843C-DD12AB8F385C}
		{FD1665A7-A5CB-4F8C-BE94-6B14C7ECAD4C} = {01A51CE7-E6F1-4CAD-843C-DD12AB8F385C}
		{9CA9EE9D-A7ED-4763-9067-83A01F7939E4} = {01A51CE7-E6F1-4CAD-843C-DD12AB8F385C}
		{B444A528-5062-44E0-9D0B-91F46364B30B} = {01A51CE7-E6F1-4CAD-843C-DD12AB8F385C}
	EndGlobalSection
EndGlobal
